
Microsoft Visual Studio Solution File, Format Version 12.00
# Visual Studio Version 16
VisualStudioVersion = 16.0.30523.141
MinimumVisualStudioVersion = 10.0.40219.1
Project("{FAE04EC0-301F-11D3-BF4B-00C04F79EFBC}") = "WebThoiTrang", "WebThoiTrang\WebThoiTrang.csproj", "{92085FC1-8432-4F63-8F7A-E845F7A13534}"
EndProject
Project("{2150E333-8FDC-42A3-9474-1A3956D46DE8}") = "API", "API", "{5B489D06-F96C-4A83-BC68-BEDC7CD09D10}"
EndProject
Project("{FAE04EC0-301F-11D3-BF4B-00C04F79EFBC}") = "WebThoiTrangManager", "WebThoiTrangManager\WebThoiTrangManager.csproj", "{5A838771-90C7-46EB-A080-700A866A4AE5}"
EndProject
Global
	GlobalSection(SolutionConfigurationPlatforms) = preSolution
		Debug|Any CPU = Debug|Any CPU
		Release|Any CPU = Release|Any CPU
	EndGlobalSection
	GlobalSection(ProjectConfigurationPlatforms) = postSolution
		{92085FC1-8432-4F63-8F7A-E845F7A13534}.Debug|Any CPU.ActiveCfg = Debug|Any CPU
		{92085FC1-8432-4F63-8F7A-E845F7A13534}.Debug|Any CPU.Build.0 = Debug|Any CPU
		{92085FC1-8432-4F63-8F7A-E845F7A13534}.Release|Any CPU.ActiveCfg = Release|Any CPU
		{92085FC1-8432-4F63-8F7A-E845F7A13534}.Release|Any CPU.Build.0 = Release|Any CPU
		{5A838771-90C7-46EB-A080-700A866A4AE5}.Debug|Any CPU.ActiveCfg = Debug|Any CPU
		{5A838771-90C7-46EB-A080-700A866A4AE5}.Debug|Any CPU.Build.0 = Debug|Any CPU
		{5A838771-90C7-46EB-A080-700A866A4AE5}.Release|Any CPU.ActiveCfg = Release|Any CPU
		{5A838771-90C7-46EB-A080-700A866A4AE5}.Release|Any CPU.Build.0 = Release|Any CPU
	EndGlobalSection
	GlobalSection(SolutionProperties) = preSolution
		HideSolutionNode = FALSE
	EndGlobalSection
	GlobalSection(NestedProjects) = preSolution
		{5A838771-90C7-46EB-A080-700A866A4AE5} = {5B489D06-F96C-4A83-BC68-BEDC7CD09D10}
	EndGlobalSection
	GlobalSection(ExtensibilityGlobals) = postSolution
		SolutionGuid = {286EAAB3-D36D-4D13-A6BD-11273287A0C6}
	EndGlobalSection
EndGlobal
